
Microsoft Visual Studio Solution File, Format Version 10.00
# Visual Studio 2008
Project("{FAE04EC0-301F-11D3-BF4B-00C04F79EFBC}") = "Web", "Web\Web.csproj", "{F8B9F860-9B90-4CE5-BF8F-F98E29D0C375}"
EndProject
Project("{2150E333-8FDC-42A3-9474-1A3956D46DE8}") = "Resources", "Resources", "{9A8FCA44-CE1D-430B-BC99-881E8A78F19D}"
	ProjectSection(SolutionItems) = preProject
		E:\Program Files\Microsoft ASP.NET\ASP.NET MVC Preview 3\Assemblies\System.Web.Abstractions.dll = E:\Program Files\Microsoft ASP.NET\ASP.NET MVC Preview 3\Assemblies\System.Web.Abstractions.dll
		E:\Program Files\Microsoft ASP.NET\ASP.NET MVC Preview 3\Assemblies\System.Web.Mvc.dll = E:\Program Files\Microsoft ASP.NET\ASP.NET MVC Preview 3\Assemblies\System.Web.Mvc.dll
		E:\Program Files\Microsoft ASP.NET\ASP.NET MVC Preview 3\Assemblies\System.Web.Routing.dll = E:\Program Files\Microsoft ASP.NET\ASP.NET MVC Preview 3\Assemblies\System.Web.Routing.dll
	EndProjectSection
EndProject
Global
	GlobalSection(TeamFoundationVersionControl) = preSolution
		SccNumberOfProjects = 2
		SccEnterpriseProvider = {4CA58AB2-18FA-4F8D-95D4-32DDF27D184C}
		SccTeamFoundationServer = https://tfs07.codeplex.com/
		SccLocalPath0 = .
		SccProjectUniqueName1 = Web\\Web.csproj
		SccProjectName1 = Web
		SccLocalPath1 = Web
	EndGlobalSection
	GlobalSection(SolutionConfigurationPlatforms) = preSolution
		Debug|Any CPU = Debug|Any CPU
		Release|Any CPU = Release|Any CPU
	EndGlobalSection
	GlobalSection(ProjectConfigurationPlatforms) = postSolution
		{F8B9F860-9B90-4CE5-BF8F-F98E29D0C375}.Debug|Any CPU.ActiveCfg = Debug|Any CPU
		{F8B9F860-9B90-4CE5-BF8F-F98E29D0C375}.Debug|Any CPU.Build.0 = Debug|Any CPU
		{F8B9F860-9B90-4CE5-BF8F-F98E29D0C375}.Release|Any CPU.ActiveCfg = Release|Any CPU
		{F8B9F860-9B90-4CE5-BF8F-F98E29D0C375}.Release|Any CPU.Build.0 = Release|Any CPU
	EndGlobalSection
	GlobalSection(SolutionProperties) = preSolution
		HideSolutionNode = FALSE
	EndGlobalSection
EndGlobal
